
Microsoft Visual Studio Solution File, Format Version 12.00
# Visual Studio Version 17
VisualStudioVersion = 17.8.34525.116
MinimumVisualStudioVersion = 10.0.40219.1
Project("{FAE04EC0-301F-11D3-BF4B-00C04F79EFBC}") = "CleanArch.Domain", "CleanArch.Domain\CleanArch.Domain.csproj", "{6A6B0D97-E844-41A1-9B91-708C96E6314A}"
EndProject
Project("{FAE04EC0-301F-11D3-BF4B-00C04F79EFBC}") = "CleanArch.Application", "CleanArch.Application\CleanArch.Application.csproj", "{885101C2-B787-49F0-B65E-31A62B9F9CCE}"
EndProject
Project("{FAE04EC0-301F-11D3-BF4B-00C04F79EFBC}") = "CleanArch.Infrastructure", "CleanArch.Infrastructure\CleanArch.Infrastructure.csproj", "{AF9A1F4A-B656-467E-8670-DABBD3D8B986}"
EndProject
Project("{FAE04EC0-301F-11D3-BF4B-00C04F79EFBC}") = "CleanArch.CrossCutting", "CleanArch.CrossCutting\CleanArch.CrossCutting.csproj", "{EBC49BAD-E26C-4FB7-A0D6-AC427F6835E2}"
EndProject
Project("{FAE04EC0-301F-11D3-BF4B-00C04F79EFBC}") = "CleanArch.Api", "CleanArch.Api\CleanArch.Api.csproj", "{016A69DB-4BF1-4F8D-81BB-FF5CEAB7FC00}"
EndProject
Global
	GlobalSection(SolutionConfigurationPlatforms) = preSolution
		Debug|Any CPU = Debug|Any CPU
		Release|Any CPU = Release|Any CPU
	EndGlobalSection
	GlobalSection(ProjectConfigurationPlatforms) = postSolution
		{6A6B0D97-E844-41A1-9B91-708C96E6314A}.Debug|Any CPU.ActiveCfg = Debug|Any CPU
		{6A6B0D97-E844-41A1-9B91-708C96E6314A}.Debug|Any CPU.Build.0 = Debug|Any CPU
		{6A6B0D97-E844-41A1-9B91-708C96E6314A}.Release|Any CPU.ActiveCfg = Release|Any CPU
		{6A6B0D97-E844-41A1-9B91-708C96E6314A}.Release|Any CPU.Build.0 = Release|Any CPU
		{885101C2-B787-49F0-B65E-31A62B9F9CCE}.Debug|Any CPU.ActiveCfg = Debug|Any CPU
		{885101C2-B787-49F0-B65E-31A62B9F9CCE}.Debug|Any CPU.Build.0 = Debug|Any CPU
		{885101C2-B787-49F0-B65E-31A62B9F9CCE}.Release|Any CPU.ActiveCfg = Release|Any CPU
		{885101C2-B787-49F0-B65E-31A62B9F9CCE}.Release|Any CPU.Build.0 = Release|Any CPU
		{AF9A1F4A-B656-467E-8670-DABBD3D8B986}.Debug|Any CPU.ActiveCfg = Debug|Any CPU
		{AF9A1F4A-B656-467E-8670-DABBD3D8B986}.Debug|Any CPU.Build.0 = Debug|Any CPU
		{AF9A1F4A-B656-467E-8670-DABBD3D8B986}.Release|Any CPU.ActiveCfg = Release|Any CPU
		{AF9A1F4A-B656-467E-8670-DABBD3D8B986}.Release|Any CPU.Build.0 = Release|Any CPU
		{EBC49BAD-E26C-4FB7-A0D6-AC427F6835E2}.Debug|Any CPU.ActiveCfg = Debug|Any CPU
		{EBC49BAD-E26C-4FB7-A0D6-AC427F6835E2}.Debug|Any CPU.Build.0 = Debug|Any CPU
		{EBC49BAD-E26C-4FB7-A0D6-AC427F6835E2}.Release|Any CPU.ActiveCfg = Release|Any CPU
		{EBC49BAD-E26C-4FB7-A0D6-AC427F6835E2}.Release|Any CPU.Build.0 = Release|Any CPU
		{016A69DB-4BF1-4F8D-81BB-FF5CEAB7FC00}.Debug|Any CPU.ActiveCfg = Debug|Any CPU
		{016A69DB-4BF1-4F8D-81BB-FF5CEAB7FC00}.Debug|Any CPU.Build.0 = Debug|Any CPU
		{016A69DB-4BF1-4F8D-81BB-FF5CEAB7FC00}.Release|Any CPU.ActiveCfg = Release|Any CPU
		{016A69DB-4BF1-4F8D-81BB-FF5CEAB7FC00}.Release|Any CPU.Build.0 = Release|Any CPU
	EndGlobalSection
	GlobalSection(SolutionProperties) = preSolution
		HideSolutionNode = FALSE
	EndGlobalSection
	GlobalSection(ExtensibilityGlobals) = postSolution
		SolutionGuid = {14312F42-CEEE-48F4-A6D1-2AC52ED1A253}
	EndGlobalSection
EndGlobal
